
Microsoft Visual Studio Solution File, Format Version 12.00
# Visual Studio Version 16
VisualStudioVersion = 16.0.29709.97
MinimumVisualStudioVersion = 10.0.40219.1
Project("{FAE04EC0-301F-11D3-BF4B-00C04F79EFBC}") = "Engie.GEM.ProductionPlan.API", "Engie.GEM.ProductionPlan.API\Engie.GEM.ProductionPlan.API.csproj", "{71B28D9C-6980-42C9-B4C2-2778835B3F3B}"
EndProject
Project("{FAE04EC0-301F-11D3-BF4B-00C04F79EFBC}") = "Engie.GEM.ProductionPlan.Core", "Engie.GEM.ProductionPlan.Core\Engie.GEM.ProductionPlan.Core.csproj", "{0ADA3FF3-E2B5-4D33-BD45-BFD5B4C75A27}"
EndProject
Project("{FAE04EC0-301F-11D3-BF4B-00C04F79EFBC}") = "Engie.GEM.ProductionPlan.Core.Test", "Engie.GEM.ProductionPlan.Core.Test\Engie.GEM.ProductionPlan.Core.Test.csproj", "{21DC1E8D-A4AB-4050-B039-26AC6ED0E102}"
EndProject
Global
	GlobalSection(SolutionConfigurationPlatforms) = preSolution
		Debug|Any CPU = Debug|Any CPU
		Release|Any CPU = Release|Any CPU
	EndGlobalSection
	GlobalSection(ProjectConfigurationPlatforms) = postSolution
		{71B28D9C-6980-42C9-B4C2-2778835B3F3B}.Debug|Any CPU.ActiveCfg = Debug|Any CPU
		{71B28D9C-6980-42C9-B4C2-2778835B3F3B}.Debug|Any CPU.Build.0 = Debug|Any CPU
		{71B28D9C-6980-42C9-B4C2-2778835B3F3B}.Release|Any CPU.ActiveCfg = Release|Any CPU
		{71B28D9C-6980-42C9-B4C2-2778835B3F3B}.Release|Any CPU.Build.0 = Release|Any CPU
		{0ADA3FF3-E2B5-4D33-BD45-BFD5B4C75A27}.Debug|Any CPU.ActiveCfg = Debug|Any CPU
		{0ADA3FF3-E2B5-4D33-BD45-BFD5B4C75A27}.Debug|Any CPU.Build.0 = Debug|Any CPU
		{0ADA3FF3-E2B5-4D33-BD45-BFD5B4C75A27}.Release|Any CPU.ActiveCfg = Release|Any CPU
		{0ADA3FF3-E2B5-4D33-BD45-BFD5B4C75A27}.Release|Any CPU.Build.0 = Release|Any CPU
		{21DC1E8D-A4AB-4050-B039-26AC6ED0E102}.Debug|Any CPU.ActiveCfg = Debug|Any CPU
		{21DC1E8D-A4AB-4050-B039-26AC6ED0E102}.Debug|Any CPU.Build.0 = Debug|Any CPU
		{21DC1E8D-A4AB-4050-B039-26AC6ED0E102}.Release|Any CPU.ActiveCfg = Release|Any CPU
		{21DC1E8D-A4AB-4050-B039-26AC6ED0E102}.Release|Any CPU.Build.0 = Release|Any CPU
	EndGlobalSection
	GlobalSection(SolutionProperties) = preSolution
		HideSolutionNode = FALSE
	EndGlobalSection
	GlobalSection(ExtensibilityGlobals) = postSolution
		SolutionGuid = {1D7CB7BD-5E5B-4FBC-8894-EC50E249D4CF}
	EndGlobalSection
EndGlobal
